
Microsoft Visual Studio Solution File, Format Version 12.00
# Visual Studio Version 16
VisualStudioVersion = 16.0.31129.286
MinimumVisualStudioVersion = 10.0.40219.1
Project("{8BC9CEB8-8B4A-11D0-8D11-00A0C91BC942}") = "Chapter2", "Chapter2.vcxproj", "{FD281570-3F6C-4D4D-9D09-0951FF9C55C8}"
EndProject
Project("{8BC9CEB8-8B4A-11D0-8D11-00A0C91BC942}") = "Chapter3", "..\Chapter3\Chapter3.vcxproj", "{16D901E9-ED09-48BD-B0E7-B81F9E95786E}"
EndProject
Project("{8BC9CEB8-8B4A-11D0-8D11-00A0C91BC942}") = "Chapter4", "..\Chapter4\Chapter4.vcxproj", "{BEF19284-2BE1-4759-A05E-40BA48AAB969}"
EndProject
Global
	GlobalSection(SolutionConfigurationPlatforms) = preSolution
		Debug|x64 = Debug|x64
		Debug|x86 = Debug|x86
		Release|x64 = Release|x64
		Release|x86 = Release|x86
	EndGlobalSection
	GlobalSection(ProjectConfigurationPlatforms) = postSolution
		{FD281570-3F6C-4D4D-9D09-0951FF9C55C8}.Debug|x64.ActiveCfg = Debug|x64
		{FD281570-3F6C-4D4D-9D09-0951FF9C55C8}.Debug|x64.Build.0 = Debug|x64
		{FD281570-3F6C-4D4D-9D09-0951FF9C55C8}.Debug|x86.ActiveCfg = Debug|Win32
		{FD281570-3F6C-4D4D-9D09-0951FF9C55C8}.Debug|x86.Build.0 = Debug|Win32
		{FD281570-3F6C-4D4D-9D09-0951FF9C55C8}.Release|x64.ActiveCfg = Release|x64
		{FD281570-3F6C-4D4D-9D09-0951FF9C55C8}.Release|x64.Build.0 = Release|x64
		{FD281570-3F6C-4D4D-9D09-0951FF9C55C8}.Release|x86.ActiveCfg = Release|Win32
		{FD281570-3F6C-4D4D-9D09-0951FF9C55C8}.Release|x86.Build.0 = Release|Win32
		{16D901E9-ED09-48BD-B0E7-B81F9E95786E}.Debug|x64.ActiveCfg = Debug|x64
		{16D901E9-ED09-48BD-B0E7-B81F9E95786E}.Debug|x64.Build.0 = Debug|x64
		{16D901E9-ED09-48BD-B0E7-B81F9E95786E}.Debug|x86.ActiveCfg = Debug|Win32
		{16D901E9-ED09-48BD-B0E7-B81F9E95786E}.Debug|x86.Build.0 = Debug|Win32
		{16D901E9-ED09-48BD-B0E7-B81F9E95786E}.Release|x64.ActiveCfg = Release|x64
		{16D901E9-ED09-48BD-B0E7-B81F9E95786E}.Release|x64.Build.0 = Release|x64
		{16D901E9-ED09-48BD-B0E7-B81F9E95786E}.Release|x86.ActiveCfg = Release|Win32
		{16D901E9-ED09-48BD-B0E7-B81F9E95786E}.Release|x86.Build.0 = Release|Win32
		{BEF19284-2BE1-4759-A05E-40BA48AAB969}.Debug|x64.ActiveCfg = Debug|x64
		{BEF19284-2BE1-4759-A05E-40BA48AAB969}.Debug|x64.Build.0 = Debug|x64
		{BEF19284-2BE1-4759-A05E-40BA48AAB969}.Debug|x86.ActiveCfg = Debug|Win32
		{BEF19284-2BE1-4759-A05E-40BA48AAB969}.Debug|x86.Build.0 = Debug|Win32
		{BEF19284-2BE1-4759-A05E-40BA48AAB969}.Release|x64.ActiveCfg = Release|x64
		{BEF19284-2BE1-4759-A05E-40BA48AAB969}.Release|x64.Build.0 = Release|x64
		{BEF19284-2BE1-4759-A05E-40BA48AAB969}.Release|x86.ActiveCfg = Release|Win32
		{BEF19284-2BE1-4759-A05E-40BA48AAB969}.Release|x86.Build.0 = Release|Win32
	EndGlobalSection
	GlobalSection(SolutionProperties) = preSolution
		HideSolutionNode = FALSE
	EndGlobalSection
	GlobalSection(ExtensibilityGlobals) = postSolution
		SolutionGuid = {F37F3DD1-3307-4E11-B5F2-C826BDE9DB99}
	EndGlobalSection
EndGlobal
